
Microsoft Visual Studio Solution File, Format Version 11.00
# Visual Studio 2010
Project("{2150E333-8FDC-42A3-9474-1A3956D46DE8}") = "00_framework", "00_framework", "{C6E321C4-931D-4B0D-86D9-E132332AF21D}"
EndProject
Project("{2150E333-8FDC-42A3-9474-1A3956D46DE8}") = "01_dataLayer", "01_dataLayer", "{3EC780FD-4CE5-4773-9AF1-1B26775138E9}"
EndProject
Project("{2150E333-8FDC-42A3-9474-1A3956D46DE8}") = "02_businessLayer", "02_businessLayer", "{46AE7416-9314-4D11-B47F-8540E990290A}"
EndProject
Project("{2150E333-8FDC-42A3-9474-1A3956D46DE8}") = "03_presentLayer", "03_presentLayer", "{B9F7D242-4110-4383-A350-0047B51AE57C}"
EndProject
Project("{2150E333-8FDC-42A3-9474-1A3956D46DE8}") = "04_test", "04_test", "{79473856-6441-4811-A0EB-E18B612D9D19}"
EndProject
Project("{E24C65DC-7377-472B-9ABA-BC803B73C61A}") = "webTest", "04_test\webTest", "{DAE96598-D9E7-4471-8BCD-9921AFA9D46F}"
	ProjectSection(WebsiteProperties) = preProject
		SccProjectName = "SAK"
		SccAuxPath = "SAK"
		SccLocalPath = "SAK"
		SccProvider = "SAK"
		TargetFrameworkMoniker = ".NETFramework,Version%3Dv4.0"
		ProjectReferences = "{68071AC2-E372-4AAB-AFF6-387D0A943FCB}|VTCO.Config.dll;{35779FE5-D3AD-456E-91EB-D98A497A86CF}|ClassLibraryExam.dll;{D3C0E5A1-DF7D-4B90-AB14-D55D3D17678D}|DAL.dll;{192AA2BB-C2B8-4882-88F5-82C02765FC2E}|DataContext.dll;{7C96C532-BA92-456E-B349-1EB3915AC9DA}|WorkFlowBLL.dll;{D8D41B36-906A-4506-853A-2C85B38EA7A9}|ComponentBLL.dll;{9595D673-09A6-4755-A8FA-6A232E01866A}|VTCO.Library.dll;{807A8C12-E6BA-441E-9791-AD832F178B95}|VTCO.Utils.dll;{948E50AB-9541-4081-A771-9E4C7E51B344}|EntityBLL.dll;"
		Debug.AspNetCompiler.VirtualPath = "/webTest"
		Debug.AspNetCompiler.PhysicalPath = "04_test\webTest\"
		Debug.AspNetCompiler.TargetPath = "PrecompiledWeb\webTest\"
		Debug.AspNetCompiler.Updateable = "true"
		Debug.AspNetCompiler.ForceOverwrite = "true"
		Debug.AspNetCompiler.FixedNames = "false"
		Debug.AspNetCompiler.Debug = "True"
		Release.AspNetCompiler.VirtualPath = "/webTest"
		Release.AspNetCompiler.PhysicalPath = "04_test\webTest\"
		Release.AspNetCompiler.TargetPath = "PrecompiledWeb\webTest\"
		Release.AspNetCompiler.Updateable = "true"
		Release.AspNetCompiler.ForceOverwrite = "true"
		Release.AspNetCompiler.FixedNames = "false"
		Release.AspNetCompiler.Debug = "False"
		VWDPort = "37758"
		VWDVirtualPath = "/"
		DefaultWebSiteLanguage = "Visual C#"
		StartServerOnDebug = "false"
	EndProjectSection
EndProject
Project("{FAE04EC0-301F-11D3-BF4B-00C04F79EFBC}") = "VTCO.Config", "00_framework\VTCO.Config\VTCO.Config.csproj", "{68071AC2-E372-4AAB-AFF6-387D0A943FCB}"
EndProject
Project("{FAE04EC0-301F-11D3-BF4B-00C04F79EFBC}") = "VTCO.Library", "00_framework\VTCO.Library\VTCO.Library.csproj", "{9595D673-09A6-4755-A8FA-6A232E01866A}"
EndProject
Project("{FAE04EC0-301F-11D3-BF4B-00C04F79EFBC}") = "VTCO.Utils", "00_framework\VTCO.Utils\VTCO.Utils.csproj", "{807A8C12-E6BA-441E-9791-AD832F178B95}"
EndProject
Project("{FAE04EC0-301F-11D3-BF4B-00C04F79EFBC}") = "DAL", "01_dataLayer\DAL\DAL.csproj", "{D3C0E5A1-DF7D-4B90-AB14-D55D3D17678D}"
EndProject
Project("{FAE04EC0-301F-11D3-BF4B-00C04F79EFBC}") = "DataContext", "01_dataLayer\DataContext\DataContext.csproj", "{192AA2BB-C2B8-4882-88F5-82C02765FC2E}"
EndProject
Project("{FAE04EC0-301F-11D3-BF4B-00C04F79EFBC}") = "ComponentBLL", "02_businessLayer\ComponentBLL\ComponentBLL.csproj", "{D8D41B36-906A-4506-853A-2C85B38EA7A9}"
EndProject
Project("{FAE04EC0-301F-11D3-BF4B-00C04F79EFBC}") = "EntityBLL", "02_businessLayer\EntityBLL\EntityBLL.csproj", "{948E50AB-9541-4081-A771-9E4C7E51B344}"
EndProject
Project("{FAE04EC0-301F-11D3-BF4B-00C04F79EFBC}") = "WorkFlowBLL", "02_businessLayer\WorkFlowBLL\WorkFlowBLL.csproj", "{7C96C532-BA92-456E-B349-1EB3915AC9DA}"
EndProject
Project("{E24C65DC-7377-472B-9ABA-BC803B73C61A}") = "SocialShop_FrontEnd", "03_presentLayer\SocialShop_FrontEnd", "{218871F1-9C9B-401C-829F-EDBF6B4E0504}"
	ProjectSection(WebsiteProperties) = preProject
		SccProjectName = "SAK"
		SccAuxPath = "SAK"
		SccLocalPath = "SAK"
		SccProvider = "SAK"
		TargetFrameworkMoniker = ".NETFramework,Version%3Dv4.0"
		ProjectReferences = "{807A8C12-E6BA-441E-9791-AD832F178B95}|VTCO.Utils.dll;{68071AC2-E372-4AAB-AFF6-387D0A943FCB}|VTCO.Config.dll;{9595D673-09A6-4755-A8FA-6A232E01866A}|VTCO.Library.dll;{948E50AB-9541-4081-A771-9E4C7E51B344}|EntityBLL.dll;{7C96C532-BA92-456E-B349-1EB3915AC9DA}|WorkFlowBLL.dll;{D8D41B36-906A-4506-853A-2C85B38EA7A9}|ComponentBLL.dll;{D3C0E5A1-DF7D-4B90-AB14-D55D3D17678D}|DAL.dll;{192AA2BB-C2B8-4882-88F5-82C02765FC2E}|DataContext.dll;{67474ABA-1B71-4994-BD9A-1A1F3B2DC624}|SSServiceInfo.dll;"
		Debug.AspNetCompiler.VirtualPath = "/SocialShop_FrontEnd"
		Debug.AspNetCompiler.PhysicalPath = "03_presentLayer\SocialShop_FrontEnd\"
		Debug.AspNetCompiler.TargetPath = "PrecompiledWeb\SocialShop_FrontEnd\"
		Debug.AspNetCompiler.Updateable = "true"
		Debug.AspNetCompiler.ForceOverwrite = "true"
		Debug.AspNetCompiler.FixedNames = "false"
		Debug.AspNetCompiler.Debug = "True"
		Release.AspNetCompiler.VirtualPath = "/SocialShop_FrontEnd"
		Release.AspNetCompiler.PhysicalPath = "03_presentLayer\SocialShop_FrontEnd\"
		Release.AspNetCompiler.TargetPath = "PrecompiledWeb\SocialShop_FrontEnd\"
		Release.AspNetCompiler.Updateable = "true"
		Release.AspNetCompiler.ForceOverwrite = "true"
		Release.AspNetCompiler.FixedNames = "false"
		Release.AspNetCompiler.Debug = "False"
		VWDPort = "2010"
		VWDDynamicPort = "false"
		VWDVirtualPath = "/"
		DefaultWebSiteLanguage = "Visual C#"
		StartServerOnDebug = "false"
	EndProjectSection
EndProject
Project("{FAE04EC0-301F-11D3-BF4B-00C04F79EFBC}") = "ClassLibraryExam", "04_test\ClassLibraryExam\ClassLibraryExam.csproj", "{35779FE5-D3AD-456E-91EB-D98A497A86CF}"
EndProject
Project("{E24C65DC-7377-472B-9ABA-BC803B73C61A}") = "PhotoServices", "03_presentLayer\PhotoServices", "{34042609-E455-4991-8F8C-56AB980C2630}"
	ProjectSection(WebsiteProperties) = preProject
		SccProjectName = "SAK"
		SccAuxPath = "SAK"
		SccLocalPath = "SAK"
		SccProvider = "SAK"
		TargetFrameworkMoniker = ".NETFramework,Version%3Dv4.0"
		ProjectReferences = "{68071AC2-E372-4AAB-AFF6-387D0A943FCB}|VTCO.Config.dll;"
		Debug.AspNetCompiler.VirtualPath = "/PhotoServices"
		Debug.AspNetCompiler.PhysicalPath = "03_presentLayer\PhotoServices\"
		Debug.AspNetCompiler.TargetPath = "PrecompiledWeb\PhotoServices\"
		Debug.AspNetCompiler.Updateable = "true"
		Debug.AspNetCompiler.ForceOverwrite = "true"
		Debug.AspNetCompiler.FixedNames = "false"
		Debug.AspNetCompiler.Debug = "True"
		Release.AspNetCompiler.VirtualPath = "/PhotoServices"
		Release.AspNetCompiler.PhysicalPath = "03_presentLayer\PhotoServices\"
		Release.AspNetCompiler.TargetPath = "PrecompiledWeb\PhotoServices\"
		Release.AspNetCompiler.Updateable = "true"
		Release.AspNetCompiler.ForceOverwrite = "true"
		Release.AspNetCompiler.FixedNames = "false"
		Release.AspNetCompiler.Debug = "False"
		VWDPort = "8888"
		VWDDynamicPort = "false"
		VWDVirtualPath = "/photoservices"
		DefaultWebSiteLanguage = "Visual C#"
		StartServerOnDebug = "false"
	EndProjectSection
EndProject
Project("{FAE04EC0-301F-11D3-BF4B-00C04F79EFBC}") = "ShippingImport", "03_presentLayer\ShippingImport\ShippingImport.csproj", "{CF2802EC-C25E-486C-A65B-91DADB03BE45}"
EndProject
Project("{E24C65DC-7377-472B-9ABA-BC803B73C61A}") = "SocialShopService", "03_presentLayer\SocialShopService", "{8D93CA76-64A3-41D8-9D84-A7BB99000700}"
	ProjectSection(WebsiteProperties) = preProject
		SccProjectName = "SAK"
		SccAuxPath = "SAK"
		SccLocalPath = "SAK"
		SccProvider = "SAK"
		TargetFrameworkMoniker = ".NETFramework,Version%3Dv4.0"
		ProjectReferences = "{7C96C532-BA92-456E-B349-1EB3915AC9DA}|WorkFlowBLL.dll;{D8D41B36-906A-4506-853A-2C85B38EA7A9}|ComponentBLL.dll;{D3C0E5A1-DF7D-4B90-AB14-D55D3D17678D}|DAL.dll;{192AA2BB-C2B8-4882-88F5-82C02765FC2E}|DataContext.dll;{68071AC2-E372-4AAB-AFF6-387D0A943FCB}|VTCO.Config.dll;{9595D673-09A6-4755-A8FA-6A232E01866A}|VTCO.Library.dll;{807A8C12-E6BA-441E-9791-AD832F178B95}|VTCO.Utils.dll;{948E50AB-9541-4081-A771-9E4C7E51B344}|EntityBLL.dll;{67474ABA-1B71-4994-BD9A-1A1F3B2DC624}|SSServiceInfo.dll;"
		Debug.AspNetCompiler.VirtualPath = "/SocialShopService"
		Debug.AspNetCompiler.PhysicalPath = "03_presentLayer\SocialShopService\"
		Debug.AspNetCompiler.TargetPath = "PrecompiledWeb\SocialShopService\"
		Debug.AspNetCompiler.Updateable = "true"
		Debug.AspNetCompiler.ForceOverwrite = "true"
		Debug.AspNetCompiler.FixedNames = "false"
		Debug.AspNetCompiler.Debug = "True"
		Release.AspNetCompiler.VirtualPath = "/SocialShopService"
		Release.AspNetCompiler.PhysicalPath = "03_presentLayer\SocialShopService\"
		Release.AspNetCompiler.TargetPath = "PrecompiledWeb\SocialShopService\"
		Release.AspNetCompiler.Updateable = "true"
		Release.AspNetCompiler.ForceOverwrite = "true"
		Release.AspNetCompiler.FixedNames = "false"
		Release.AspNetCompiler.Debug = "False"
		VWDPort = "37755"
		DefaultWebSiteLanguage = "Visual C#"
		StartServerOnDebug = "false"
	EndProjectSection
EndProject
Project("{FAE04EC0-301F-11D3-BF4B-00C04F79EFBC}") = "SSServiceInfo", "02_businessLayer\SSServiceInfo\SSServiceInfo.csproj", "{67474ABA-1B71-4994-BD9A-1A1F3B2DC624}"
EndProject
Project("{E24C65DC-7377-472B-9ABA-BC803B73C61A}") = "SocialShop_BackEnd", "03_presentLayer\SocialShop_BackEnd", "{99324425-E83A-4121-BE6E-417E65384C75}"
	ProjectSection(WebsiteProperties) = preProject
		SccProjectName = "SAK"
		SccAuxPath = "SAK"
		SccLocalPath = "SAK"
		SccProvider = "SAK"
		TargetFrameworkMoniker = ".NETFramework,Version%3Dv4.0"
		ProjectReferences = "{D8D41B36-906A-4506-853A-2C85B38EA7A9}|ComponentBLL.dll;{D3C0E5A1-DF7D-4B90-AB14-D55D3D17678D}|DAL.dll;{192AA2BB-C2B8-4882-88F5-82C02765FC2E}|DataContext.dll;{68071AC2-E372-4AAB-AFF6-387D0A943FCB}|VTCO.Config.dll;{9595D673-09A6-4755-A8FA-6A232E01866A}|VTCO.Library.dll;{807A8C12-E6BA-441E-9791-AD832F178B95}|VTCO.Utils.dll;{7C96C532-BA92-456E-B349-1EB3915AC9DA}|WorkFlowBLL.dll;{948E50AB-9541-4081-A771-9E4C7E51B344}|EntityBLL.dll;{67474ABA-1B71-4994-BD9A-1A1F3B2DC624}|SSServiceInfo.dll;"
		Debug.AspNetCompiler.VirtualPath = "/SocialShop_BackEnd"
		Debug.AspNetCompiler.PhysicalPath = "03_presentLayer\SocialShop_BackEnd\"
		Debug.AspNetCompiler.TargetPath = "PrecompiledWeb\SocialShop_BackEnd\"
		Debug.AspNetCompiler.Updateable = "true"
		Debug.AspNetCompiler.ForceOverwrite = "true"
		Debug.AspNetCompiler.FixedNames = "false"
		Debug.AspNetCompiler.Debug = "True"
		Release.AspNetCompiler.VirtualPath = "/SocialShop_BackEnd"
		Release.AspNetCompiler.PhysicalPath = "03_presentLayer\SocialShop_BackEnd\"
		Release.AspNetCompiler.TargetPath = "PrecompiledWeb\SocialShop_BackEnd\"
		Release.AspNetCompiler.Updateable = "true"
		Release.AspNetCompiler.ForceOverwrite = "true"
		Release.AspNetCompiler.FixedNames = "false"
		Release.AspNetCompiler.Debug = "False"
		VWDPort = "2011"
		VWDDynamicPort = "false"
		VWDVirtualPath = "/"
		DefaultWebSiteLanguage = "Visual C#"
		StartServerOnDebug = "false"
	EndProjectSection
EndProject
Project("{E24C65DC-7377-472B-9ABA-BC803B73C61A}") = "SocialShop_v1", "03_presentLayer\SocialShop_v1", "{597B9744-E8B6-4454-A032-8F2B2F048309}"
	ProjectSection(WebsiteProperties) = preProject
		SccProjectName = "SAK"
		SccAuxPath = "SAK"
		SccLocalPath = "SAK"
		SccProvider = "SAK"
		TargetFrameworkMoniker = ".NETFramework,Version%3Dv4.0"
		ProjectReferences = "{7C96C532-BA92-456E-B349-1EB3915AC9DA}|WorkFlowBLL.dll;{D8D41B36-906A-4506-853A-2C85B38EA7A9}|ComponentBLL.dll;{D3C0E5A1-DF7D-4B90-AB14-D55D3D17678D}|DAL.dll;{192AA2BB-C2B8-4882-88F5-82C02765FC2E}|DataContext.dll;{68071AC2-E372-4AAB-AFF6-387D0A943FCB}|VTCO.Config.dll;{9595D673-09A6-4755-A8FA-6A232E01866A}|VTCO.Library.dll;{807A8C12-E6BA-441E-9791-AD832F178B95}|VTCO.Utils.dll;{948E50AB-9541-4081-A771-9E4C7E51B344}|EntityBLL.dll;"
		Debug.AspNetCompiler.VirtualPath = "/SocialShop_v1"
		Debug.AspNetCompiler.PhysicalPath = "03_presentLayer\SocialShop_v1\"
		Debug.AspNetCompiler.TargetPath = "PrecompiledWeb\SocialShop_v1\"
		Debug.AspNetCompiler.Updateable = "true"
		Debug.AspNetCompiler.ForceOverwrite = "true"
		Debug.AspNetCompiler.FixedNames = "false"
		Debug.AspNetCompiler.Debug = "True"
		Release.AspNetCompiler.VirtualPath = "/SocialShop_v1"
		Release.AspNetCompiler.PhysicalPath = "03_presentLayer\SocialShop_v1\"
		Release.AspNetCompiler.TargetPath = "PrecompiledWeb\SocialShop_v1\"
		Release.AspNetCompiler.Updateable = "true"
		Release.AspNetCompiler.ForceOverwrite = "true"
		Release.AspNetCompiler.FixedNames = "false"
		Release.AspNetCompiler.Debug = "False"
		VWDPort = "2012"
		VWDDynamicPort = "false"
		VWDVirtualPath = "/"
		StartServerOnDebug = "false"
	EndProjectSection
EndProject
Project("{E24C65DC-7377-472B-9ABA-BC803B73C61A}") = "SocialShop_v2", "03_presentLayer\SocialShop_v2", "{6CE6F8B7-26ED-409E-AAD5-BDD80E32879A}"
	ProjectSection(WebsiteProperties) = preProject
		SccProjectName = "SAK"
		SccAuxPath = "SAK"
		SccLocalPath = "SAK"
		SccProvider = "SAK"
		TargetFrameworkMoniker = ".NETFramework,Version%3Dv4.0"
		ProjectReferences = "{7C96C532-BA92-456E-B349-1EB3915AC9DA}|WorkFlowBLL.dll;{D8D41B36-906A-4506-853A-2C85B38EA7A9}|ComponentBLL.dll;{D3C0E5A1-DF7D-4B90-AB14-D55D3D17678D}|DAL.dll;{192AA2BB-C2B8-4882-88F5-82C02765FC2E}|DataContext.dll;{68071AC2-E372-4AAB-AFF6-387D0A943FCB}|VTCO.Config.dll;{9595D673-09A6-4755-A8FA-6A232E01866A}|VTCO.Library.dll;{807A8C12-E6BA-441E-9791-AD832F178B95}|VTCO.Utils.dll;{948E50AB-9541-4081-A771-9E4C7E51B344}|EntityBLL.dll;"
		Debug.AspNetCompiler.VirtualPath = "/SocialShop_v2"
		Debug.AspNetCompiler.PhysicalPath = "03_presentLayer\SocialShop_v2\"
		Debug.AspNetCompiler.TargetPath = "PrecompiledWeb\SocialShop_v2\"
		Debug.AspNetCompiler.Updateable = "true"
		Debug.AspNetCompiler.ForceOverwrite = "true"
		Debug.AspNetCompiler.FixedNames = "false"
		Debug.AspNetCompiler.Debug = "True"
		Release.AspNetCompiler.VirtualPath = "/SocialShop_v2"
		Release.AspNetCompiler.PhysicalPath = "03_presentLayer\SocialShop_v2\"
		Release.AspNetCompiler.TargetPath = "PrecompiledWeb\SocialShop_v2\"
		Release.AspNetCompiler.Updateable = "true"
		Release.AspNetCompiler.ForceOverwrite = "true"
		Release.AspNetCompiler.FixedNames = "false"
		Release.AspNetCompiler.Debug = "False"
		VWDPort = "2013"
		VWDDynamicPort = "false"
		VWDVirtualPath = "/"
		DefaultWebSiteLanguage = "Visual C#"
	EndProjectSection
EndProject
Global
	GlobalSection(TeamFoundationVersionControl) = preSolution
		SccNumberOfProjects = 19
		SccEnterpriseProvider = {4CA58AB2-18FA-4F8D-95D4-32DDF27D184C}
		SccTeamFoundationServer = http://117.6.0.13:8080/tfs/defaultcollection
		SccLocalPath0 = .
		SccWebProject1 = true
		SccProjectUniqueName1 = 04_test\\webTest
		SccProjectTopLevelParentUniqueName1 = SocialShop.sln
		SccProjectName1 = 04_test/webTest
		SccLocalPath1 = 04_test\\webTest
		SccProjectEnlistmentChoice1 = 2
		SccProjectUniqueName2 = 00_framework\\VTCO.Config\\VTCO.Config.csproj
		SccProjectTopLevelParentUniqueName2 = SocialShop.sln
		SccProjectName2 = 00_framework/VTCO.Config
		SccLocalPath2 = 00_framework\\VTCO.Config
		SccProjectUniqueName3 = 00_framework\\VTCO.Library\\VTCO.Library.csproj
		SccProjectTopLevelParentUniqueName3 = SocialShop.sln
		SccProjectName3 = 00_framework/VTCO.Library
		SccLocalPath3 = 00_framework\\VTCO.Library
		SccProjectUniqueName4 = 00_framework\\VTCO.Utils\\VTCO.Utils.csproj
		SccProjectTopLevelParentUniqueName4 = SocialShop.sln
		SccProjectName4 = 00_framework/VTCO.Utils
		SccLocalPath4 = 00_framework\\VTCO.Utils
		SccProjectUniqueName5 = 01_dataLayer\\DAL\\DAL.csproj
		SccProjectTopLevelParentUniqueName5 = SocialShop.sln
		SccProjectName5 = 01_dataLayer/DAL
		SccLocalPath5 = 01_dataLayer\\DAL
		SccProjectUniqueName6 = 01_dataLayer\\DataContext\\DataContext.csproj
		SccProjectTopLevelParentUniqueName6 = SocialShop.sln
		SccProjectName6 = 01_dataLayer/DataContext
		SccLocalPath6 = 01_dataLayer\\DataContext
		SccProjectUniqueName7 = 02_businessLayer\\ComponentBLL\\ComponentBLL.csproj
		SccProjectTopLevelParentUniqueName7 = SocialShop.sln
		SccProjectName7 = 02_businessLayer/ComponentBLL
		SccLocalPath7 = 02_businessLayer\\ComponentBLL
		SccProjectUniqueName8 = 02_businessLayer\\EntityBLL\\EntityBLL.csproj
		SccProjectTopLevelParentUniqueName8 = SocialShop.sln
		SccProjectName8 = 02_businessLayer/EntityBLL
		SccLocalPath8 = 02_businessLayer\\EntityBLL
		SccProjectUniqueName9 = 02_businessLayer\\WorkFlowBLL\\WorkFlowBLL.csproj
		SccProjectTopLevelParentUniqueName9 = SocialShop.sln
		SccProjectName9 = 02_businessLayer/WorkFlowBLL
		SccLocalPath9 = 02_businessLayer\\WorkFlowBLL
		SccWebProject10 = true
		SccProjectUniqueName10 = 03_presentLayer\\SocialShop_FrontEnd
		SccProjectTopLevelParentUniqueName10 = SocialShop.sln
		SccProjectName10 = 03_presentLayer/SocialShop_FrontEnd
		SccLocalPath10 = 03_presentLayer\\SocialShop_FrontEnd
		SccProjectEnlistmentChoice10 = 2
		SccProjectUniqueName11 = 04_test\\ClassLibraryExam\\ClassLibraryExam.csproj
		SccProjectTopLevelParentUniqueName11 = SocialShop.sln
		SccProjectName11 = 04_test/ClassLibraryExam
		SccLocalPath11 = 04_test\\ClassLibraryExam
		SccWebProject12 = true
		SccProjectUniqueName12 = 03_presentLayer\\PhotoServices
		SccProjectTopLevelParentUniqueName12 = SocialShop.sln
		SccProjectName12 = 03_presentLayer/PhotoServices
		SccLocalPath12 = 03_presentLayer\\PhotoServices
		SccProjectEnlistmentChoice12 = 2
		SccProjectUniqueName13 = 03_presentLayer\\ShippingImport\\ShippingImport.csproj
		SccProjectTopLevelParentUniqueName13 = SocialShop.sln
		SccProjectName13 = 03_presentLayer/ShippingImport
		SccLocalPath13 = 03_presentLayer\\ShippingImport
		SccWebProject14 = true
		SccProjectUniqueName14 = 03_presentLayer\\SocialShopService
		SccProjectTopLevelParentUniqueName14 = SocialShop.sln
		SccProjectName14 = 03_presentLayer/SocialShopService
		SccLocalPath14 = 03_presentLayer\\SocialShopService
		SccProjectEnlistmentChoice14 = 2
		SccProjectUniqueName15 = 02_businessLayer\\SSServiceInfo\\SSServiceInfo.csproj
		SccProjectTopLevelParentUniqueName15 = SocialShop.sln
		SccProjectName15 = 02_businessLayer/SSServiceInfo
		SccLocalPath15 = 02_businessLayer\\SSServiceInfo
		SccWebProject16 = true
		SccProjectUniqueName16 = 03_presentLayer\\SocialShop_BackEnd
		SccProjectTopLevelParentUniqueName16 = SocialShop.sln
		SccProjectName16 = 03_presentLayer/SocialShop_BackEnd
		SccLocalPath16 = 03_presentLayer\\SocialShop_BackEnd
		SccProjectEnlistmentChoice16 = 2
		SccWebProject17 = true
		SccProjectUniqueName17 = 03_presentLayer\\SocialShop_v1
		SccProjectTopLevelParentUniqueName17 = SocialShop.sln
		SccProjectName17 = 03_presentLayer/SocialShop_v1
		SccLocalPath17 = 03_presentLayer\\SocialShop_v1
		SccProjectEnlistmentChoice17 = 2
		SccWebProject18 = true
		SccProjectUniqueName18 = 03_presentLayer\\SocialShop_v2
		SccProjectTopLevelParentUniqueName18 = SocialShop.sln
		SccProjectName18 = 03_presentLayer/SocialShop_v2
		SccLocalPath18 = 03_presentLayer\\SocialShop_v2
		SccProjectEnlistmentChoice18 = 2
	EndGlobalSection
	GlobalSection(SolutionConfigurationPlatforms) = preSolution
		Debug|Any CPU = Debug|Any CPU
		Debug|Mixed Platforms = Debug|Mixed Platforms
		Debug|x86 = Debug|x86
		Release|Any CPU = Release|Any CPU
		Release|Mixed Platforms = Release|Mixed Platforms
		Release|x86 = Release|x86
	EndGlobalSection
	GlobalSection(ProjectConfigurationPlatforms) = postSolution
		{DAE96598-D9E7-4471-8BCD-9921AFA9D46F}.Debug|Any CPU.ActiveCfg = Debug|Any CPU
		{DAE96598-D9E7-4471-8BCD-9921AFA9D46F}.Debug|Any CPU.Build.0 = Debug|Any CPU
		{DAE96598-D9E7-4471-8BCD-9921AFA9D46F}.Debug|Mixed Platforms.ActiveCfg = Debug|Any CPU
		{DAE96598-D9E7-4471-8BCD-9921AFA9D46F}.Debug|Mixed Platforms.Build.0 = Debug|Any CPU
		{DAE96598-D9E7-4471-8BCD-9921AFA9D46F}.Debug|x86.ActiveCfg = Debug|Any CPU
		{DAE96598-D9E7-4471-8BCD-9921AFA9D46F}.Release|Any CPU.ActiveCfg = Debug|Any CPU
		{DAE96598-D9E7-4471-8BCD-9921AFA9D46F}.Release|Any CPU.Build.0 = Debug|Any CPU
		{DAE96598-D9E7-4471-8BCD-9921AFA9D46F}.Release|Mixed Platforms.ActiveCfg = Debug|Any CPU
		{DAE96598-D9E7-4471-8BCD-9921AFA9D46F}.Release|Mixed Platforms.Build.0 = Debug|Any CPU
		{DAE96598-D9E7-4471-8BCD-9921AFA9D46F}.Release|x86.ActiveCfg = Debug|Any CPU
		{68071AC2-E372-4AAB-AFF6-387D0A943FCB}.Debug|Any CPU.ActiveCfg = Debug|Any CPU
		{68071AC2-E372-4AAB-AFF6-387D0A943FCB}.Debug|Any CPU.Build.0 = Debug|Any CPU
		{68071AC2-E372-4AAB-AFF6-387D0A943FCB}.Debug|Mixed Platforms.ActiveCfg = Debug|Any CPU
		{68071AC2-E372-4AAB-AFF6-387D0A943FCB}.Debug|Mixed Platforms.Build.0 = Debug|Any CPU
		{68071AC2-E372-4AAB-AFF6-387D0A943FCB}.Debug|x86.ActiveCfg = Debug|Any CPU
		{68071AC2-E372-4AAB-AFF6-387D0A943FCB}.Release|Any CPU.ActiveCfg = Release|Any CPU
		{68071AC2-E372-4AAB-AFF6-387D0A943FCB}.Release|Any CPU.Build.0 = Release|Any CPU
		{68071AC2-E372-4AAB-AFF6-387D0A943FCB}.Release|Mixed Platforms.ActiveCfg = Release|Any CPU
		{68071AC2-E372-4AAB-AFF6-387D0A943FCB}.Release|Mixed Platforms.Build.0 = Release|Any CPU
		{68071AC2-E372-4AAB-AFF6-387D0A943FCB}.Release|x86.ActiveCfg = Release|Any CPU
		{9595D673-09A6-4755-A8FA-6A232E01866A}.Debug|Any CPU.ActiveCfg = Debug|Any CPU
		{9595D673-09A6-4755-A8FA-6A232E01866A}.Debug|Any CPU.Build.0 = Debug|Any CPU
		{9595D673-09A6-4755-A8FA-6A232E01866A}.Debug|Mixed Platforms.ActiveCfg = Debug|Any CPU
		{9595D673-09A6-4755-A8FA-6A232E01866A}.Debug|Mixed Platforms.Build.0 = Debug|Any CPU
		{9595D673-09A6-4755-A8FA-6A232E01866A}.Debug|x86.ActiveCfg = Debug|Any CPU
		{9595D673-09A6-4755-A8FA-6A232E01866A}.Release|Any CPU.ActiveCfg = Release|Any CPU
		{9595D673-09A6-4755-A8FA-6A232E01866A}.Release|Any CPU.Build.0 = Release|Any CPU
		{9595D673-09A6-4755-A8FA-6A232E01866A}.Release|Mixed Platforms.ActiveCfg = Release|Any CPU
		{9595D673-09A6-4755-A8FA-6A232E01866A}.Release|Mixed Platforms.Build.0 = Release|Any CPU
		{9595D673-09A6-4755-A8FA-6A232E01866A}.Release|x86.ActiveCfg = Release|Any CPU
		{807A8C12-E6BA-441E-9791-AD832F178B95}.Debug|Any CPU.ActiveCfg = Debug|Any CPU
		{807A8C12-E6BA-441E-9791-AD832F178B95}.Debug|Any CPU.Build.0 = Debug|Any CPU
		{807A8C12-E6BA-441E-9791-AD832F178B95}.Debug|Mixed Platforms.ActiveCfg = Debug|Any CPU
		{807A8C12-E6BA-441E-9791-AD832F178B95}.Debug|Mixed Platforms.Build.0 = Debug|Any CPU
		{807A8C12-E6BA-441E-9791-AD832F178B95}.Debug|x86.ActiveCfg = Debug|Any CPU
		{807A8C12-E6BA-441E-9791-AD832F178B95}.Release|Any CPU.ActiveCfg = Release|Any CPU
		{807A8C12-E6BA-441E-9791-AD832F178B95}.Release|Any CPU.Build.0 = Release|Any CPU
		{807A8C12-E6BA-441E-9791-AD832F178B95}.Release|Mixed Platforms.ActiveCfg = Release|Any CPU
		{807A8C12-E6BA-441E-9791-AD832F178B95}.Release|Mixed Platforms.Build.0 = Release|Any CPU
		{807A8C12-E6BA-441E-9791-AD832F178B95}.Release|x86.ActiveCfg = Release|Any CPU
		{D3C0E5A1-DF7D-4B90-AB14-D55D3D17678D}.Debug|Any CPU.ActiveCfg = Debug|Any CPU
		{D3C0E5A1-DF7D-4B90-AB14-D55D3D17678D}.Debug|Any CPU.Build.0 = Debug|Any CPU
		{D3C0E5A1-DF7D-4B90-AB14-D55D3D17678D}.Debug|Mixed Platforms.ActiveCfg = Debug|Any CPU
		{D3C0E5A1-DF7D-4B90-AB14-D55D3D17678D}.Debug|Mixed Platforms.Build.0 = Debug|Any CPU
		{D3C0E5A1-DF7D-4B90-AB14-D55D3D17678D}.Debug|x86.ActiveCfg = Debug|Any CPU
		{D3C0E5A1-DF7D-4B90-AB14-D55D3D17678D}.Release|Any CPU.ActiveCfg = Release|Any CPU
		{D3C0E5A1-DF7D-4B90-AB14-D55D3D17678D}.Release|Any CPU.Build.0 = Release|Any CPU
		{D3C0E5A1-DF7D-4B90-AB14-D55D3D17678D}.Release|Mixed Platforms.ActiveCfg = Release|Any CPU
		{D3C0E5A1-DF7D-4B90-AB14-D55D3D17678D}.Release|Mixed Platforms.Build.0 = Release|Any CPU
		{D3C0E5A1-DF7D-4B90-AB14-D55D3D17678D}.Release|x86.ActiveCfg = Release|Any CPU
		{192AA2BB-C2B8-4882-88F5-82C02765FC2E}.Debug|Any CPU.ActiveCfg = Debug|Any CPU
		{192AA2BB-C2B8-4882-88F5-82C02765FC2E}.Debug|Any CPU.Build.0 = Debug|Any CPU
		{192AA2BB-C2B8-4882-88F5-82C02765FC2E}.Debug|Mixed Platforms.ActiveCfg = Debug|Any CPU
		{192AA2BB-C2B8-4882-88F5-82C02765FC2E}.Debug|Mixed Platforms.Build.0 = Debug|Any CPU
		{192AA2BB-C2B8-4882-88F5-82C02765FC2E}.Debug|x86.ActiveCfg = Debug|Any CPU
		{192AA2BB-C2B8-4882-88F5-82C02765FC2E}.Release|Any CPU.ActiveCfg = Release|Any CPU
		{192AA2BB-C2B8-4882-88F5-82C02765FC2E}.Release|Any CPU.Build.0 = Release|Any CPU
		{192AA2BB-C2B8-4882-88F5-82C02765FC2E}.Release|Mixed Platforms.ActiveCfg = Release|Any CPU
		{192AA2BB-C2B8-4882-88F5-82C02765FC2E}.Release|Mixed Platforms.Build.0 = Release|Any CPU
		{192AA2BB-C2B8-4882-88F5-82C02765FC2E}.Release|x86.ActiveCfg = Release|Any CPU
		{D8D41B36-906A-4506-853A-2C85B38EA7A9}.Debug|Any CPU.ActiveCfg = Debug|Any CPU
		{D8D41B36-906A-4506-853A-2C85B38EA7A9}.Debug|Any CPU.Build.0 = Debug|Any CPU
		{D8D41B36-906A-4506-853A-2C85B38EA7A9}.Debug|Mixed Platforms.ActiveCfg = Debug|Any CPU
		{D8D41B36-906A-4506-853A-2C85B38EA7A9}.Debug|Mixed Platforms.Build.0 = Debug|Any CPU
		{D8D41B36-906A-4506-853A-2C85B38EA7A9}.Debug|x86.ActiveCfg = Debug|Any CPU
		{D8D41B36-906A-4506-853A-2C85B38EA7A9}.Release|Any CPU.ActiveCfg = Release|Any CPU
		{D8D41B36-906A-4506-853A-2C85B38EA7A9}.Release|Any CPU.Build.0 = Release|Any CPU
		{D8D41B36-906A-4506-853A-2C85B38EA7A9}.Release|Mixed Platforms.ActiveCfg = Release|Any CPU
		{D8D41B36-906A-4506-853A-2C85B38EA7A9}.Release|Mixed Platforms.Build.0 = Release|Any CPU
		{D8D41B36-906A-4506-853A-2C85B38EA7A9}.Release|x86.ActiveCfg = Release|Any CPU
		{948E50AB-9541-4081-A771-9E4C7E51B344}.Debug|Any CPU.ActiveCfg = Debug|Any CPU
		{948E50AB-9541-4081-A771-9E4C7E51B344}.Debug|Any CPU.Build.0 = Debug|Any CPU
		{948E50AB-9541-4081-A771-9E4C7E51B344}.Debug|Mixed Platforms.ActiveCfg = Debug|Any CPU
		{948E50AB-9541-4081-A771-9E4C7E51B344}.Debug|Mixed Platforms.Build.0 = Debug|Any CPU
		{948E50AB-9541-4081-A771-9E4C7E51B344}.Debug|x86.ActiveCfg = Debug|Any CPU
		{948E50AB-9541-4081-A771-9E4C7E51B344}.Release|Any CPU.ActiveCfg = Release|Any CPU
		{948E50AB-9541-4081-A771-9E4C7E51B344}.Release|Any CPU.Build.0 = Release|Any CPU
		{948E50AB-9541-4081-A771-9E4C7E51B344}.Release|Mixed Platforms.ActiveCfg = Release|Any CPU
		{948E50AB-9541-4081-A771-9E4C7E51B344}.Release|Mixed Platforms.Build.0 = Release|Any CPU
		{948E50AB-9541-4081-A771-9E4C7E51B344}.Release|x86.ActiveCfg = Release|Any CPU
		{7C96C532-BA92-456E-B349-1EB3915AC9DA}.Debug|Any CPU.ActiveCfg = Debug|Any CPU
		{7C96C532-BA92-456E-B349-1EB3915AC9DA}.Debug|Any CPU.Build.0 = Debug|Any CPU
		{7C96C532-BA92-456E-B349-1EB3915AC9DA}.Debug|Mixed Platforms.ActiveCfg = Debug|Any CPU
		{7C96C532-BA92-456E-B349-1EB3915AC9DA}.Debug|Mixed Platforms.Build.0 = Debug|Any CPU
		{7C96C532-BA92-456E-B349-1EB3915AC9DA}.Debug|x86.ActiveCfg = Debug|Any CPU
		{7C96C532-BA92-456E-B349-1EB3915AC9DA}.Release|Any CPU.ActiveCfg = Release|Any CPU
		{7C96C532-BA92-456E-B349-1EB3915AC9DA}.Release|Any CPU.Build.0 = Release|Any CPU
		{7C96C532-BA92-456E-B349-1EB3915AC9DA}.Release|Mixed Platforms.ActiveCfg = Release|Any CPU
		{7C96C532-BA92-456E-B349-1EB3915AC9DA}.Release|Mixed Platforms.Build.0 = Release|Any CPU
		{7C96C532-BA92-456E-B349-1EB3915AC9DA}.Release|x86.ActiveCfg = Release|Any CPU
		{218871F1-9C9B-401C-829F-EDBF6B4E0504}.Debug|Any CPU.ActiveCfg = Debug|Any CPU
		{218871F1-9C9B-401C-829F-EDBF6B4E0504}.Debug|Any CPU.Build.0 = Debug|Any CPU
		{218871F1-9C9B-401C-829F-EDBF6B4E0504}.Debug|Mixed Platforms.ActiveCfg = Debug|Any CPU
		{218871F1-9C9B-401C-829F-EDBF6B4E0504}.Debug|Mixed Platforms.Build.0 = Debug|Any CPU
		{218871F1-9C9B-401C-829F-EDBF6B4E0504}.Debug|x86.ActiveCfg = Debug|Any CPU
		{218871F1-9C9B-401C-829F-EDBF6B4E0504}.Release|Any CPU.ActiveCfg = Debug|Any CPU
		{218871F1-9C9B-401C-829F-EDBF6B4E0504}.Release|Any CPU.Build.0 = Debug|Any CPU
		{218871F1-9C9B-401C-829F-EDBF6B4E0504}.Release|Mixed Platforms.ActiveCfg = Debug|Any CPU
		{218871F1-9C9B-401C-829F-EDBF6B4E0504}.Release|Mixed Platforms.Build.0 = Debug|Any CPU
		{218871F1-9C9B-401C-829F-EDBF6B4E0504}.Release|x86.ActiveCfg = Debug|Any CPU
		{35779FE5-D3AD-456E-91EB-D98A497A86CF}.Debug|Any CPU.ActiveCfg = Debug|Any CPU
		{35779FE5-D3AD-456E-91EB-D98A497A86CF}.Debug|Any CPU.Build.0 = Debug|Any CPU
		{35779FE5-D3AD-456E-91EB-D98A497A86CF}.Debug|Mixed Platforms.ActiveCfg = Debug|Any CPU
		{35779FE5-D3AD-456E-91EB-D98A497A86CF}.Debug|Mixed Platforms.Build.0 = Debug|Any CPU
		{35779FE5-D3AD-456E-91EB-D98A497A86CF}.Debug|x86.ActiveCfg = Debug|Any CPU
		{35779FE5-D3AD-456E-91EB-D98A497A86CF}.Release|Any CPU.ActiveCfg = Release|Any CPU
		{35779FE5-D3AD-456E-91EB-D98A497A86CF}.Release|Any CPU.Build.0 = Release|Any CPU
		{35779FE5-D3AD-456E-91EB-D98A497A86CF}.Release|Mixed Platforms.ActiveCfg = Release|Any CPU
		{35779FE5-D3AD-456E-91EB-D98A497A86CF}.Release|Mixed Platforms.Build.0 = Release|Any CPU
		{35779FE5-D3AD-456E-91EB-D98A497A86CF}.Release|x86.ActiveCfg = Release|Any CPU
		{34042609-E455-4991-8F8C-56AB980C2630}.Debug|Any CPU.ActiveCfg = Debug|Any CPU
		{34042609-E455-4991-8F8C-56AB980C2630}.Debug|Any CPU.Build.0 = Debug|Any CPU
		{34042609-E455-4991-8F8C-56AB980C2630}.Debug|Mixed Platforms.ActiveCfg = Debug|Any CPU
		{34042609-E455-4991-8F8C-56AB980C2630}.Debug|Mixed Platforms.Build.0 = Debug|Any CPU
		{34042609-E455-4991-8F8C-56AB980C2630}.Debug|x86.ActiveCfg = Debug|Any CPU
		{34042609-E455-4991-8F8C-56AB980C2630}.Release|Any CPU.ActiveCfg = Debug|Any CPU
		{34042609-E455-4991-8F8C-56AB980C2630}.Release|Any CPU.Build.0 = Debug|Any CPU
		{34042609-E455-4991-8F8C-56AB980C2630}.Release|Mixed Platforms.ActiveCfg = Debug|Any CPU
		{34042609-E455-4991-8F8C-56AB980C2630}.Release|Mixed Platforms.Build.0 = Debug|Any CPU
		{34042609-E455-4991-8F8C-56AB980C2630}.Release|x86.ActiveCfg = Debug|Any CPU
		{CF2802EC-C25E-486C-A65B-91DADB03BE45}.Debug|Any CPU.ActiveCfg = Debug|x86
		{CF2802EC-C25E-486C-A65B-91DADB03BE45}.Debug|Mixed Platforms.ActiveCfg = Debug|x86
		{CF2802EC-C25E-486C-A65B-91DADB03BE45}.Debug|Mixed Platforms.Build.0 = Debug|x86
		{CF2802EC-C25E-486C-A65B-91DADB03BE45}.Debug|x86.ActiveCfg = Debug|x86
		{CF2802EC-C25E-486C-A65B-91DADB03BE45}.Debug|x86.Build.0 = Debug|x86
		{CF2802EC-C25E-486C-A65B-91DADB03BE45}.Release|Any CPU.ActiveCfg = Release|x86
		{CF2802EC-C25E-486C-A65B-91DADB03BE45}.Release|Mixed Platforms.ActiveCfg = Release|x86
		{CF2802EC-C25E-486C-A65B-91DADB03BE45}.Release|Mixed Platforms.Build.0 = Release|x86
		{CF2802EC-C25E-486C-A65B-91DADB03BE45}.Release|x86.ActiveCfg = Release|x86
		{CF2802EC-C25E-486C-A65B-91DADB03BE45}.Release|x86.Build.0 = Release|x86
		{8D93CA76-64A3-41D8-9D84-A7BB99000700}.Debug|Any CPU.ActiveCfg = Debug|Any CPU
		{8D93CA76-64A3-41D8-9D84-A7BB99000700}.Debug|Any CPU.Build.0 = Debug|Any CPU
		{8D93CA76-64A3-41D8-9D84-A7BB99000700}.Debug|Mixed Platforms.ActiveCfg = Debug|Any CPU
		{8D93CA76-64A3-41D8-9D84-A7BB99000700}.Debug|Mixed Platforms.Build.0 = Debug|Any CPU
		{8D93CA76-64A3-41D8-9D84-A7BB99000700}.Debug|x86.ActiveCfg = Debug|Any CPU
		{8D93CA76-64A3-41D8-9D84-A7BB99000700}.Release|Any CPU.ActiveCfg = Debug|Any CPU
		{8D93CA76-64A3-41D8-9D84-A7BB99000700}.Release|Any CPU.Build.0 = Debug|Any CPU
		{8D93CA76-64A3-41D8-9D84-A7BB99000700}.Release|Mixed Platforms.ActiveCfg = Debug|Any CPU
		{8D93CA76-64A3-41D8-9D84-A7BB99000700}.Release|Mixed Platforms.Build.0 = Debug|Any CPU
		{8D93CA76-64A3-41D8-9D84-A7BB99000700}.Release|x86.ActiveCfg = Debug|Any CPU
		{67474ABA-1B71-4994-BD9A-1A1F3B2DC624}.Debug|Any CPU.ActiveCfg = Debug|Any CPU
		{67474ABA-1B71-4994-BD9A-1A1F3B2DC624}.Debug|Any CPU.Build.0 = Debug|Any CPU
		{67474ABA-1B71-4994-BD9A-1A1F3B2DC624}.Debug|Mixed Platforms.ActiveCfg = Debug|Any CPU
		{67474ABA-1B71-4994-BD9A-1A1F3B2DC624}.Debug|Mixed Platforms.Build.0 = Debug|Any CPU
		{67474ABA-1B71-4994-BD9A-1A1F3B2DC624}.Debug|x86.ActiveCfg = Debug|Any CPU
		{67474ABA-1B71-4994-BD9A-1A1F3B2DC624}.Release|Any CPU.ActiveCfg = Release|Any CPU
		{67474ABA-1B71-4994-BD9A-1A1F3B2DC624}.Release|Any CPU.Build.0 = Release|Any CPU
		{67474ABA-1B71-4994-BD9A-1A1F3B2DC624}.Release|Mixed Platforms.ActiveCfg = Release|Any CPU
		{67474ABA-1B71-4994-BD9A-1A1F3B2DC624}.Release|Mixed Platforms.Build.0 = Release|Any CPU
		{67474ABA-1B71-4994-BD9A-1A1F3B2DC624}.Release|x86.ActiveCfg = Release|Any CPU
		{99324425-E83A-4121-BE6E-417E65384C75}.Debug|Any CPU.ActiveCfg = Debug|Any CPU
		{99324425-E83A-4121-BE6E-417E65384C75}.Debug|Any CPU.Build.0 = Debug|Any CPU
		{99324425-E83A-4121-BE6E-417E65384C75}.Debug|Mixed Platforms.ActiveCfg = Debug|Any CPU
		{99324425-E83A-4121-BE6E-417E65384C75}.Debug|Mixed Platforms.Build.0 = Debug|Any CPU
		{99324425-E83A-4121-BE6E-417E65384C75}.Debug|x86.ActiveCfg = Debug|Any CPU
		{99324425-E83A-4121-BE6E-417E65384C75}.Release|Any CPU.ActiveCfg = Debug|Any CPU
		{99324425-E83A-4121-BE6E-417E65384C75}.Release|Any CPU.Build.0 = Debug|Any CPU
		{99324425-E83A-4121-BE6E-417E65384C75}.Release|Mixed Platforms.ActiveCfg = Debug|Any CPU
		{99324425-E83A-4121-BE6E-417E65384C75}.Release|Mixed Platforms.Build.0 = Debug|Any CPU
		{99324425-E83A-4121-BE6E-417E65384C75}.Release|x86.ActiveCfg = Debug|Any CPU
		{597B9744-E8B6-4454-A032-8F2B2F048309}.Debug|Any CPU.ActiveCfg = Debug|Any CPU
		{597B9744-E8B6-4454-A032-8F2B2F048309}.Debug|Any CPU.Build.0 = Debug|Any CPU
		{597B9744-E8B6-4454-A032-8F2B2F048309}.Debug|Mixed Platforms.ActiveCfg = Debug|Any CPU
		{597B9744-E8B6-4454-A032-8F2B2F048309}.Debug|Mixed Platforms.Build.0 = Debug|Any CPU
		{597B9744-E8B6-4454-A032-8F2B2F048309}.Debug|x86.ActiveCfg = Debug|Any CPU
		{597B9744-E8B6-4454-A032-8F2B2F048309}.Release|Any CPU.ActiveCfg = Debug|Any CPU
		{597B9744-E8B6-4454-A032-8F2B2F048309}.Release|Any CPU.Build.0 = Debug|Any CPU
		{597B9744-E8B6-4454-A032-8F2B2F048309}.Release|Mixed Platforms.ActiveCfg = Debug|Any CPU
		{597B9744-E8B6-4454-A032-8F2B2F048309}.Release|Mixed Platforms.Build.0 = Debug|Any CPU
		{597B9744-E8B6-4454-A032-8F2B2F048309}.Release|x86.ActiveCfg = Debug|Any CPU
		{6CE6F8B7-26ED-409E-AAD5-BDD80E32879A}.Debug|Any CPU.ActiveCfg = Debug|Any CPU
		{6CE6F8B7-26ED-409E-AAD5-BDD80E32879A}.Debug|Any CPU.Build.0 = Debug|Any CPU
		{6CE6F8B7-26ED-409E-AAD5-BDD80E32879A}.Debug|Mixed Platforms.ActiveCfg = Debug|Any CPU
		{6CE6F8B7-26ED-409E-AAD5-BDD80E32879A}.Debug|Mixed Platforms.Build.0 = Debug|Any CPU
		{6CE6F8B7-26ED-409E-AAD5-BDD80E32879A}.Debug|x86.ActiveCfg = Debug|Any CPU
		{6CE6F8B7-26ED-409E-AAD5-BDD80E32879A}.Release|Any CPU.ActiveCfg = Debug|Any CPU
		{6CE6F8B7-26ED-409E-AAD5-BDD80E32879A}.Release|Any CPU.Build.0 = Debug|Any CPU
		{6CE6F8B7-26ED-409E-AAD5-BDD80E32879A}.Release|Mixed Platforms.ActiveCfg = Debug|Any CPU
		{6CE6F8B7-26ED-409E-AAD5-BDD80E32879A}.Release|Mixed Platforms.Build.0 = Debug|Any CPU
		{6CE6F8B7-26ED-409E-AAD5-BDD80E32879A}.Release|x86.ActiveCfg = Debug|Any CPU
	EndGlobalSection
	GlobalSection(SolutionProperties) = preSolution
		HideSolutionNode = FALSE
	EndGlobalSection
	GlobalSection(NestedProjects) = preSolution
		{68071AC2-E372-4AAB-AFF6-387D0A943FCB} = {C6E321C4-931D-4B0D-86D9-E132332AF21D}
		{9595D673-09A6-4755-A8FA-6A232E01866A} = {C6E321C4-931D-4B0D-86D9-E132332AF21D}
		{807A8C12-E6BA-441E-9791-AD832F178B95} = {C6E321C4-931D-4B0D-86D9-E132332AF21D}
		{D3C0E5A1-DF7D-4B90-AB14-D55D3D17678D} = {3EC780FD-4CE5-4773-9AF1-1B26775138E9}
		{192AA2BB-C2B8-4882-88F5-82C02765FC2E} = {3EC780FD-4CE5-4773-9AF1-1B26775138E9}
		{D8D41B36-906A-4506-853A-2C85B38EA7A9} = {46AE7416-9314-4D11-B47F-8540E990290A}
		{948E50AB-9541-4081-A771-9E4C7E51B344} = {46AE7416-9314-4D11-B47F-8540E990290A}
		{7C96C532-BA92-456E-B349-1EB3915AC9DA} = {46AE7416-9314-4D11-B47F-8540E990290A}
		{67474ABA-1B71-4994-BD9A-1A1F3B2DC624} = {46AE7416-9314-4D11-B47F-8540E990290A}
		{218871F1-9C9B-401C-829F-EDBF6B4E0504} = {B9F7D242-4110-4383-A350-0047B51AE57C}
		{34042609-E455-4991-8F8C-56AB980C2630} = {B9F7D242-4110-4383-A350-0047B51AE57C}
		{CF2802EC-C25E-486C-A65B-91DADB03BE45} = {B9F7D242-4110-4383-A350-0047B51AE57C}
		{8D93CA76-64A3-41D8-9D84-A7BB99000700} = {B9F7D242-4110-4383-A350-0047B51AE57C}
		{99324425-E83A-4121-BE6E-417E65384C75} = {B9F7D242-4110-4383-A350-0047B51AE57C}
		{597B9744-E8B6-4454-A032-8F2B2F048309} = {B9F7D242-4110-4383-A350-0047B51AE57C}
		{6CE6F8B7-26ED-409E-AAD5-BDD80E32879A} = {B9F7D242-4110-4383-A350-0047B51AE57C}
		{DAE96598-D9E7-4471-8BCD-9921AFA9D46F} = {79473856-6441-4811-A0EB-E18B612D9D19}
		{35779FE5-D3AD-456E-91EB-D98A497A86CF} = {79473856-6441-4811-A0EB-E18B612D9D19}
	EndGlobalSection
EndGlobal
