
Microsoft Visual Studio Solution File, Format Version 11.00
# Visual Studio 2010
Project("{2150E333-8FDC-42A3-9474-1A3956D46DE8}") = "00_framework", "00_framework", "{C6E321C4-931D-4B0D-86D9-E132332AF21D}"
EndProject
Project("{2150E333-8FDC-42A3-9474-1A3956D46DE8}") = "01_dataLayer", "01_dataLayer", "{3EC780FD-4CE5-4773-9AF1-1B26775138E9}"
EndProject
Project("{2150E333-8FDC-42A3-9474-1A3956D46DE8}") = "02_businessLayer", "02_businessLayer", "{46AE7416-9314-4D11-B47F-8540E990290A}"
EndProject
Project("{2150E333-8FDC-42A3-9474-1A3956D46DE8}") = "03_presentLayer", "03_presentLayer", "{B9F7D242-4110-4383-A350-0047B51AE57C}"
EndProject
Project("{FAE04EC0-301F-11D3-BF4B-00C04F79EFBC}") = "VTCO.Config", "00_framework\VTCO.Config\VTCO.Config.csproj", "{68071AC2-E372-4AAB-AFF6-387D0A943FCB}"
EndProject
Project("{FAE04EC0-301F-11D3-BF4B-00C04F79EFBC}") = "VTCO.Library", "00_framework\VTCO.Library\VTCO.Library.csproj", "{9595D673-09A6-4755-A8FA-6A232E01866A}"
EndProject
Project("{FAE04EC0-301F-11D3-BF4B-00C04F79EFBC}") = "VTCO.Utils", "00_framework\VTCO.Utils\VTCO.Utils.csproj", "{807A8C12-E6BA-441E-9791-AD832F178B95}"
EndProject
Project("{FAE04EC0-301F-11D3-BF4B-00C04F79EFBC}") = "DAL", "01_dataLayer\DAL\DAL.csproj", "{D3C0E5A1-DF7D-4B90-AB14-D55D3D17678D}"
EndProject
Project("{FAE04EC0-301F-11D3-BF4B-00C04F79EFBC}") = "DataContext", "01_dataLayer\DataContext\DataContext.csproj", "{192AA2BB-C2B8-4882-88F5-82C02765FC2E}"
EndProject
Project("{FAE04EC0-301F-11D3-BF4B-00C04F79EFBC}") = "ComponentBLL", "02_businessLayer\ComponentBLL\ComponentBLL.csproj", "{D8D41B36-906A-4506-853A-2C85B38EA7A9}"
EndProject
Project("{FAE04EC0-301F-11D3-BF4B-00C04F79EFBC}") = "EntityBLL", "02_businessLayer\EntityBLL\EntityBLL.csproj", "{948E50AB-9541-4081-A771-9E4C7E51B344}"
EndProject
Project("{FAE04EC0-301F-11D3-BF4B-00C04F79EFBC}") = "WorkFlowBLL", "02_businessLayer\WorkFlowBLL\WorkFlowBLL.csproj", "{7C96C532-BA92-456E-B349-1EB3915AC9DA}"
EndProject
Project("{E24C65DC-7377-472B-9ABA-BC803B73C61A}") = "SocialShop_FrontEnd", "03_presentLayer\SocialShop_FrontEnd\", "{218871F1-9C9B-401C-829F-EDBF6B4E0504}"
	ProjectSection(WebsiteProperties) = preProject
		SccProjectName = "SAK"
		SccAuxPath = "SAK"
		SccLocalPath = "SAK"
		SccProvider = "SAK"
		TargetFrameworkMoniker = ".NETFramework,Version%3Dv4.0"
		ProjectReferences = "{807A8C12-E6BA-441E-9791-AD832F178B95}|VTCO.Utils.dll;{68071AC2-E372-4AAB-AFF6-387D0A943FCB}|VTCO.Config.dll;{9595D673-09A6-4755-A8FA-6A232E01866A}|VTCO.Library.dll;{948E50AB-9541-4081-A771-9E4C7E51B344}|EntityBLL.dll;{7C96C532-BA92-456E-B349-1EB3915AC9DA}|WorkFlowBLL.dll;{D8D41B36-906A-4506-853A-2C85B38EA7A9}|ComponentBLL.dll;{D3C0E5A1-DF7D-4B90-AB14-D55D3D17678D}|DAL.dll;{192AA2BB-C2B8-4882-88F5-82C02765FC2E}|DataContext.dll;{67474ABA-1B71-4994-BD9A-1A1F3B2DC624}|SSServiceInfo.dll;{7EC985D8-31C0-4930-803D-0CF85B41291A}|VTCO.Encrypt.dll;"
		Debug.AspNetCompiler.VirtualPath = "/SocialShop_FrontEnd"
		Debug.AspNetCompiler.PhysicalPath = "03_presentLayer\SocialShop_FrontEnd\"
		Debug.AspNetCompiler.TargetPath = "PrecompiledWeb\SocialShop_FrontEnd\"
		Debug.AspNetCompiler.Updateable = "true"
		Debug.AspNetCompiler.ForceOverwrite = "true"
		Debug.AspNetCompiler.FixedNames = "false"
		Debug.AspNetCompiler.Debug = "True"
		Release.AspNetCompiler.VirtualPath = "/SocialShop_FrontEnd"
		Release.AspNetCompiler.PhysicalPath = "03_presentLayer\SocialShop_FrontEnd\"
		Release.AspNetCompiler.TargetPath = "PrecompiledWeb\SocialShop_FrontEnd\"
		Release.AspNetCompiler.Updateable = "true"
		Release.AspNetCompiler.ForceOverwrite = "true"
		Release.AspNetCompiler.FixedNames = "false"
		Release.AspNetCompiler.Debug = "False"
		VWDPort = "2010"
		VWDDynamicPort = "false"
		VWDVirtualPath = "/"
		DefaultWebSiteLanguage = "Visual C#"
		StartServerOnDebug = "false"
	EndProjectSection
EndProject
Project("{E24C65DC-7377-472B-9ABA-BC803B73C61A}") = "PhotoServices", "03_presentLayer\PhotoServices\", "{34042609-E455-4991-8F8C-56AB980C2630}"
	ProjectSection(WebsiteProperties) = preProject
		SccProjectName = "SAK"
		SccAuxPath = "SAK"
		SccLocalPath = "SAK"
		SccProvider = "SAK"
		TargetFrameworkMoniker = ".NETFramework,Version%3Dv4.0"
		ProjectReferences = "{68071AC2-E372-4AAB-AFF6-387D0A943FCB}|VTCO.Config.dll;"
		Debug.AspNetCompiler.VirtualPath = "/PhotoServices"
		Debug.AspNetCompiler.PhysicalPath = "03_presentLayer\PhotoServices\"
		Debug.AspNetCompiler.TargetPath = "PrecompiledWeb\PhotoServices\"
		Debug.AspNetCompiler.Updateable = "true"
		Debug.AspNetCompiler.ForceOverwrite = "true"
		Debug.AspNetCompiler.FixedNames = "false"
		Debug.AspNetCompiler.Debug = "True"
		Release.AspNetCompiler.VirtualPath = "/PhotoServices"
		Release.AspNetCompiler.PhysicalPath = "03_presentLayer\PhotoServices\"
		Release.AspNetCompiler.TargetPath = "PrecompiledWeb\PhotoServices\"
		Release.AspNetCompiler.Updateable = "true"
		Release.AspNetCompiler.ForceOverwrite = "true"
		Release.AspNetCompiler.FixedNames = "false"
		Release.AspNetCompiler.Debug = "False"
		VWDPort = "8888"
		VWDDynamicPort = "false"
		VWDVirtualPath = "/photoservices"
		DefaultWebSiteLanguage = "Visual C#"
		StartServerOnDebug = "false"
	EndProjectSection
EndProject
Project("{FAE04EC0-301F-11D3-BF4B-00C04F79EFBC}") = "SSServiceInfo", "02_businessLayer\SSServiceInfo\SSServiceInfo.csproj", "{67474ABA-1B71-4994-BD9A-1A1F3B2DC624}"
EndProject
Project("{FAE04EC0-301F-11D3-BF4B-00C04F79EFBC}") = "VTCO.Encrypt", "VTCO.Encrypt\VTCO.Encrypt.csproj", "{7EC985D8-31C0-4930-803D-0CF85B41291A}"
EndProject
Global
	GlobalSection(SolutionConfigurationPlatforms) = preSolution
		Debug|Any CPU = Debug|Any CPU
		Debug|Mixed Platforms = Debug|Mixed Platforms
		Debug|x86 = Debug|x86
		Release|Any CPU = Release|Any CPU
		Release|Mixed Platforms = Release|Mixed Platforms
		Release|x86 = Release|x86
	EndGlobalSection
	GlobalSection(ProjectConfigurationPlatforms) = postSolution
		{68071AC2-E372-4AAB-AFF6-387D0A943FCB}.Debug|Any CPU.ActiveCfg = Debug|Any CPU
		{68071AC2-E372-4AAB-AFF6-387D0A943FCB}.Debug|Any CPU.Build.0 = Debug|Any CPU
		{68071AC2-E372-4AAB-AFF6-387D0A943FCB}.Debug|Mixed Platforms.ActiveCfg = Debug|Any CPU
		{68071AC2-E372-4AAB-AFF6-387D0A943FCB}.Debug|Mixed Platforms.Build.0 = Debug|Any CPU
		{68071AC2-E372-4AAB-AFF6-387D0A943FCB}.Debug|x86.ActiveCfg = Debug|Any CPU
		{68071AC2-E372-4AAB-AFF6-387D0A943FCB}.Release|Any CPU.ActiveCfg = Release|Any CPU
		{68071AC2-E372-4AAB-AFF6-387D0A943FCB}.Release|Any CPU.Build.0 = Release|Any CPU
		{68071AC2-E372-4AAB-AFF6-387D0A943FCB}.Release|Mixed Platforms.ActiveCfg = Release|Any CPU
		{68071AC2-E372-4AAB-AFF6-387D0A943FCB}.Release|Mixed Platforms.Build.0 = Release|Any CPU
		{68071AC2-E372-4AAB-AFF6-387D0A943FCB}.Release|x86.ActiveCfg = Release|Any CPU
		{9595D673-09A6-4755-A8FA-6A232E01866A}.Debug|Any CPU.ActiveCfg = Debug|Any CPU
		{9595D673-09A6-4755-A8FA-6A232E01866A}.Debug|Any CPU.Build.0 = Debug|Any CPU
		{9595D673-09A6-4755-A8FA-6A232E01866A}.Debug|Mixed Platforms.ActiveCfg = Debug|Any CPU
		{9595D673-09A6-4755-A8FA-6A232E01866A}.Debug|Mixed Platforms.Build.0 = Debug|Any CPU
		{9595D673-09A6-4755-A8FA-6A232E01866A}.Debug|x86.ActiveCfg = Debug|Any CPU
		{9595D673-09A6-4755-A8FA-6A232E01866A}.Release|Any CPU.ActiveCfg = Release|Any CPU
		{9595D673-09A6-4755-A8FA-6A232E01866A}.Release|Any CPU.Build.0 = Release|Any CPU
		{9595D673-09A6-4755-A8FA-6A232E01866A}.Release|Mixed Platforms.ActiveCfg = Release|Any CPU
		{9595D673-09A6-4755-A8FA-6A232E01866A}.Release|Mixed Platforms.Build.0 = Release|Any CPU
		{9595D673-09A6-4755-A8FA-6A232E01866A}.Release|x86.ActiveCfg = Release|Any CPU
		{807A8C12-E6BA-441E-9791-AD832F178B95}.Debug|Any CPU.ActiveCfg = Debug|Any CPU
		{807A8C12-E6BA-441E-9791-AD832F178B95}.Debug|Any CPU.Build.0 = Debug|Any CPU
		{807A8C12-E6BA-441E-9791-AD832F178B95}.Debug|Mixed Platforms.ActiveCfg = Debug|Any CPU
		{807A8C12-E6BA-441E-9791-AD832F178B95}.Debug|Mixed Platforms.Build.0 = Debug|Any CPU
		{807A8C12-E6BA-441E-9791-AD832F178B95}.Debug|x86.ActiveCfg = Debug|Any CPU
		{807A8C12-E6BA-441E-9791-AD832F178B95}.Release|Any CPU.ActiveCfg = Release|Any CPU
		{807A8C12-E6BA-441E-9791-AD832F178B95}.Release|Any CPU.Build.0 = Release|Any CPU
		{807A8C12-E6BA-441E-9791-AD832F178B95}.Release|Mixed Platforms.ActiveCfg = Release|Any CPU
		{807A8C12-E6BA-441E-9791-AD832F178B95}.Release|Mixed Platforms.Build.0 = Release|Any CPU
		{807A8C12-E6BA-441E-9791-AD832F178B95}.Release|x86.ActiveCfg = Release|Any CPU
		{D3C0E5A1-DF7D-4B90-AB14-D55D3D17678D}.Debug|Any CPU.ActiveCfg = Debug|Any CPU
		{D3C0E5A1-DF7D-4B90-AB14-D55D3D17678D}.Debug|Any CPU.Build.0 = Debug|Any CPU
		{D3C0E5A1-DF7D-4B90-AB14-D55D3D17678D}.Debug|Mixed Platforms.ActiveCfg = Debug|Any CPU
		{D3C0E5A1-DF7D-4B90-AB14-D55D3D17678D}.Debug|Mixed Platforms.Build.0 = Debug|Any CPU
		{D3C0E5A1-DF7D-4B90-AB14-D55D3D17678D}.Debug|x86.ActiveCfg = Debug|Any CPU
		{D3C0E5A1-DF7D-4B90-AB14-D55D3D17678D}.Release|Any CPU.ActiveCfg = Release|Any CPU
		{D3C0E5A1-DF7D-4B90-AB14-D55D3D17678D}.Release|Any CPU.Build.0 = Release|Any CPU
		{D3C0E5A1-DF7D-4B90-AB14-D55D3D17678D}.Release|Mixed Platforms.ActiveCfg = Release|Any CPU
		{D3C0E5A1-DF7D-4B90-AB14-D55D3D17678D}.Release|Mixed Platforms.Build.0 = Release|Any CPU
		{D3C0E5A1-DF7D-4B90-AB14-D55D3D17678D}.Release|x86.ActiveCfg = Release|Any CPU
		{192AA2BB-C2B8-4882-88F5-82C02765FC2E}.Debug|Any CPU.ActiveCfg = Debug|Any CPU
		{192AA2BB-C2B8-4882-88F5-82C02765FC2E}.Debug|Any CPU.Build.0 = Debug|Any CPU
		{192AA2BB-C2B8-4882-88F5-82C02765FC2E}.Debug|Mixed Platforms.ActiveCfg = Debug|Any CPU
		{192AA2BB-C2B8-4882-88F5-82C02765FC2E}.Debug|Mixed Platforms.Build.0 = Debug|Any CPU
		{192AA2BB-C2B8-4882-88F5-82C02765FC2E}.Debug|x86.ActiveCfg = Debug|Any CPU
		{192AA2BB-C2B8-4882-88F5-82C02765FC2E}.Release|Any CPU.ActiveCfg = Release|Any CPU
		{192AA2BB-C2B8-4882-88F5-82C02765FC2E}.Release|Any CPU.Build.0 = Release|Any CPU
		{192AA2BB-C2B8-4882-88F5-82C02765FC2E}.Release|Mixed Platforms.ActiveCfg = Release|Any CPU
		{192AA2BB-C2B8-4882-88F5-82C02765FC2E}.Release|Mixed Platforms.Build.0 = Release|Any CPU
		{192AA2BB-C2B8-4882-88F5-82C02765FC2E}.Release|x86.ActiveCfg = Release|Any CPU
		{D8D41B36-906A-4506-853A-2C85B38EA7A9}.Debug|Any CPU.ActiveCfg = Debug|Any CPU
		{D8D41B36-906A-4506-853A-2C85B38EA7A9}.Debug|Any CPU.Build.0 = Debug|Any CPU
		{D8D41B36-906A-4506-853A-2C85B38EA7A9}.Debug|Mixed Platforms.ActiveCfg = Debug|Any CPU
		{D8D41B36-906A-4506-853A-2C85B38EA7A9}.Debug|Mixed Platforms.Build.0 = Debug|Any CPU
		{D8D41B36-906A-4506-853A-2C85B38EA7A9}.Debug|x86.ActiveCfg = Debug|Any CPU
		{D8D41B36-906A-4506-853A-2C85B38EA7A9}.Release|Any CPU.ActiveCfg = Release|Any CPU
		{D8D41B36-906A-4506-853A-2C85B38EA7A9}.Release|Any CPU.Build.0 = Release|Any CPU
		{D8D41B36-906A-4506-853A-2C85B38EA7A9}.Release|Mixed Platforms.ActiveCfg = Release|Any CPU
		{D8D41B36-906A-4506-853A-2C85B38EA7A9}.Release|Mixed Platforms.Build.0 = Release|Any CPU
		{D8D41B36-906A-4506-853A-2C85B38EA7A9}.Release|x86.ActiveCfg = Release|Any CPU
		{948E50AB-9541-4081-A771-9E4C7E51B344}.Debug|Any CPU.ActiveCfg = Debug|Any CPU
		{948E50AB-9541-4081-A771-9E4C7E51B344}.Debug|Any CPU.Build.0 = Debug|Any CPU
		{948E50AB-9541-4081-A771-9E4C7E51B344}.Debug|Mixed Platforms.ActiveCfg = Debug|Any CPU
		{948E50AB-9541-4081-A771-9E4C7E51B344}.Debug|Mixed Platforms.Build.0 = Debug|Any CPU
		{948E50AB-9541-4081-A771-9E4C7E51B344}.Debug|x86.ActiveCfg = Debug|Any CPU
		{948E50AB-9541-4081-A771-9E4C7E51B344}.Release|Any CPU.ActiveCfg = Release|Any CPU
		{948E50AB-9541-4081-A771-9E4C7E51B344}.Release|Any CPU.Build.0 = Release|Any CPU
		{948E50AB-9541-4081-A771-9E4C7E51B344}.Release|Mixed Platforms.ActiveCfg = Release|Any CPU
		{948E50AB-9541-4081-A771-9E4C7E51B344}.Release|Mixed Platforms.Build.0 = Release|Any CPU
		{948E50AB-9541-4081-A771-9E4C7E51B344}.Release|x86.ActiveCfg = Release|Any CPU
		{7C96C532-BA92-456E-B349-1EB3915AC9DA}.Debug|Any CPU.ActiveCfg = Debug|Any CPU
		{7C96C532-BA92-456E-B349-1EB3915AC9DA}.Debug|Any CPU.Build.0 = Debug|Any CPU
		{7C96C532-BA92-456E-B349-1EB3915AC9DA}.Debug|Mixed Platforms.ActiveCfg = Debug|Any CPU
		{7C96C532-BA92-456E-B349-1EB3915AC9DA}.Debug|Mixed Platforms.Build.0 = Debug|Any CPU
		{7C96C532-BA92-456E-B349-1EB3915AC9DA}.Debug|x86.ActiveCfg = Debug|Any CPU
		{7C96C532-BA92-456E-B349-1EB3915AC9DA}.Release|Any CPU.ActiveCfg = Release|Any CPU
		{7C96C532-BA92-456E-B349-1EB3915AC9DA}.Release|Any CPU.Build.0 = Release|Any CPU
		{7C96C532-BA92-456E-B349-1EB3915AC9DA}.Release|Mixed Platforms.ActiveCfg = Release|Any CPU
		{7C96C532-BA92-456E-B349-1EB3915AC9DA}.Release|Mixed Platforms.Build.0 = Release|Any CPU
		{7C96C532-BA92-456E-B349-1EB3915AC9DA}.Release|x86.ActiveCfg = Release|Any CPU
		{218871F1-9C9B-401C-829F-EDBF6B4E0504}.Debug|Any CPU.ActiveCfg = Debug|Any CPU
		{218871F1-9C9B-401C-829F-EDBF6B4E0504}.Debug|Any CPU.Build.0 = Debug|Any CPU
		{218871F1-9C9B-401C-829F-EDBF6B4E0504}.Debug|Mixed Platforms.ActiveCfg = Debug|Any CPU
		{218871F1-9C9B-401C-829F-EDBF6B4E0504}.Debug|Mixed Platforms.Build.0 = Debug|Any CPU
		{218871F1-9C9B-401C-829F-EDBF6B4E0504}.Debug|x86.ActiveCfg = Debug|Any CPU
		{218871F1-9C9B-401C-829F-EDBF6B4E0504}.Release|Any CPU.ActiveCfg = Debug|Any CPU
		{218871F1-9C9B-401C-829F-EDBF6B4E0504}.Release|Any CPU.Build.0 = Debug|Any CPU
		{218871F1-9C9B-401C-829F-EDBF6B4E0504}.Release|Mixed Platforms.ActiveCfg = Debug|Any CPU
		{218871F1-9C9B-401C-829F-EDBF6B4E0504}.Release|Mixed Platforms.Build.0 = Debug|Any CPU
		{218871F1-9C9B-401C-829F-EDBF6B4E0504}.Release|x86.ActiveCfg = Debug|Any CPU
		{34042609-E455-4991-8F8C-56AB980C2630}.Debug|Any CPU.ActiveCfg = Debug|Any CPU
		{34042609-E455-4991-8F8C-56AB980C2630}.Debug|Any CPU.Build.0 = Debug|Any CPU
		{34042609-E455-4991-8F8C-56AB980C2630}.Debug|Mixed Platforms.ActiveCfg = Debug|Any CPU
		{34042609-E455-4991-8F8C-56AB980C2630}.Debug|Mixed Platforms.Build.0 = Debug|Any CPU
		{34042609-E455-4991-8F8C-56AB980C2630}.Debug|x86.ActiveCfg = Debug|Any CPU
		{34042609-E455-4991-8F8C-56AB980C2630}.Release|Any CPU.ActiveCfg = Debug|Any CPU
		{34042609-E455-4991-8F8C-56AB980C2630}.Release|Any CPU.Build.0 = Debug|Any CPU
		{34042609-E455-4991-8F8C-56AB980C2630}.Release|Mixed Platforms.ActiveCfg = Debug|Any CPU
		{34042609-E455-4991-8F8C-56AB980C2630}.Release|Mixed Platforms.Build.0 = Debug|Any CPU
		{34042609-E455-4991-8F8C-56AB980C2630}.Release|x86.ActiveCfg = Debug|Any CPU
		{67474ABA-1B71-4994-BD9A-1A1F3B2DC624}.Debug|Any CPU.ActiveCfg = Debug|Any CPU
		{67474ABA-1B71-4994-BD9A-1A1F3B2DC624}.Debug|Any CPU.Build.0 = Debug|Any CPU
		{67474ABA-1B71-4994-BD9A-1A1F3B2DC624}.Debug|Mixed Platforms.ActiveCfg = Debug|Any CPU
		{67474ABA-1B71-4994-BD9A-1A1F3B2DC624}.Debug|Mixed Platforms.Build.0 = Debug|Any CPU
		{67474ABA-1B71-4994-BD9A-1A1F3B2DC624}.Debug|x86.ActiveCfg = Debug|Any CPU
		{67474ABA-1B71-4994-BD9A-1A1F3B2DC624}.Release|Any CPU.ActiveCfg = Release|Any CPU
		{67474ABA-1B71-4994-BD9A-1A1F3B2DC624}.Release|Any CPU.Build.0 = Release|Any CPU
		{67474ABA-1B71-4994-BD9A-1A1F3B2DC624}.Release|Mixed Platforms.ActiveCfg = Release|Any CPU
		{67474ABA-1B71-4994-BD9A-1A1F3B2DC624}.Release|Mixed Platforms.Build.0 = Release|Any CPU
		{67474ABA-1B71-4994-BD9A-1A1F3B2DC624}.Release|x86.ActiveCfg = Release|Any CPU
		{7EC985D8-31C0-4930-803D-0CF85B41291A}.Debug|Any CPU.ActiveCfg = Debug|Any CPU
		{7EC985D8-31C0-4930-803D-0CF85B41291A}.Debug|Any CPU.Build.0 = Debug|Any CPU
		{7EC985D8-31C0-4930-803D-0CF85B41291A}.Debug|Mixed Platforms.ActiveCfg = Debug|Any CPU
		{7EC985D8-31C0-4930-803D-0CF85B41291A}.Debug|Mixed Platforms.Build.0 = Debug|Any CPU
		{7EC985D8-31C0-4930-803D-0CF85B41291A}.Debug|x86.ActiveCfg = Debug|Any CPU
		{7EC985D8-31C0-4930-803D-0CF85B41291A}.Release|Any CPU.ActiveCfg = Release|Any CPU
		{7EC985D8-31C0-4930-803D-0CF85B41291A}.Release|Any CPU.Build.0 = Release|Any CPU
		{7EC985D8-31C0-4930-803D-0CF85B41291A}.Release|Mixed Platforms.ActiveCfg = Release|Any CPU
		{7EC985D8-31C0-4930-803D-0CF85B41291A}.Release|Mixed Platforms.Build.0 = Release|Any CPU
		{7EC985D8-31C0-4930-803D-0CF85B41291A}.Release|x86.ActiveCfg = Release|Any CPU
	EndGlobalSection
	GlobalSection(SolutionProperties) = preSolution
		HideSolutionNode = FALSE
	EndGlobalSection
	GlobalSection(NestedProjects) = preSolution
		{68071AC2-E372-4AAB-AFF6-387D0A943FCB} = {C6E321C4-931D-4B0D-86D9-E132332AF21D}
		{9595D673-09A6-4755-A8FA-6A232E01866A} = {C6E321C4-931D-4B0D-86D9-E132332AF21D}
		{807A8C12-E6BA-441E-9791-AD832F178B95} = {C6E321C4-931D-4B0D-86D9-E132332AF21D}
		{7EC985D8-31C0-4930-803D-0CF85B41291A} = {C6E321C4-931D-4B0D-86D9-E132332AF21D}
		{D3C0E5A1-DF7D-4B90-AB14-D55D3D17678D} = {3EC780FD-4CE5-4773-9AF1-1B26775138E9}
		{192AA2BB-C2B8-4882-88F5-82C02765FC2E} = {3EC780FD-4CE5-4773-9AF1-1B26775138E9}
		{D8D41B36-906A-4506-853A-2C85B38EA7A9} = {46AE7416-9314-4D11-B47F-8540E990290A}
		{948E50AB-9541-4081-A771-9E4C7E51B344} = {46AE7416-9314-4D11-B47F-8540E990290A}
		{7C96C532-BA92-456E-B349-1EB3915AC9DA} = {46AE7416-9314-4D11-B47F-8540E990290A}
		{67474ABA-1B71-4994-BD9A-1A1F3B2DC624} = {46AE7416-9314-4D11-B47F-8540E990290A}
		{218871F1-9C9B-401C-829F-EDBF6B4E0504} = {B9F7D242-4110-4383-A350-0047B51AE57C}
		{34042609-E455-4991-8F8C-56AB980C2630} = {B9F7D242-4110-4383-A350-0047B51AE57C}
	EndGlobalSection
EndGlobal
